
Microsoft Visual Studio Solution File, Format Version 12.00
# Visual Studio Version 17
VisualStudioVersion = 17.5.33516.290
MinimumVisualStudioVersion = 10.0.40219.1
Project("{FAE04EC0-301F-11D3-BF4B-00C04F79EFBC}") = "linqToSqlSamyAnthony", "linqToSqlSamyAnthony\linqToSqlSamyAnthony.csproj", "{2D63B359-219A-4B22-9635-E793BDE88EDB}"
EndProject
Global
	GlobalSection(SolutionConfigurationPlatforms) = preSolution
		Debug|Any CPU = Debug|Any CPU
		Release|Any CPU = Release|Any CPU
	EndGlobalSection
	GlobalSection(ProjectConfigurationPlatforms) = postSolution
		{2D63B359-219A-4B22-9635-E793BDE88EDB}.Debug|Any CPU.ActiveCfg = Debug|Any CPU
		{2D63B359-219A-4B22-9635-E793BDE88EDB}.Debug|Any CPU.Build.0 = Debug|Any CPU
		{2D63B359-219A-4B22-9635-E793BDE88EDB}.Release|Any CPU.ActiveCfg = Release|Any CPU
		{2D63B359-219A-4B22-9635-E793BDE88EDB}.Release|Any CPU.Build.0 = Release|Any CPU
	EndGlobalSection
	GlobalSection(SolutionProperties) = preSolution
		HideSolutionNode = FALSE
	EndGlobalSection
	GlobalSection(ExtensibilityGlobals) = postSolution
		SolutionGuid = {816609BF-EE08-4CF7-9121-2F1D0672DDA4}
	EndGlobalSection
EndGlobal
